
Microsoft Visual Studio Solution File, Format Version 12.00
# Visual Studio 14
VisualStudioVersion = 14.0.25420.1
MinimumVisualStudioVersion = 10.0.40219.1
Project("{FAE04EC0-301F-11D3-BF4B-00C04F79EFBC}") = "EJ1", "EJ1\EJ1.csproj", "{DFD25F92-1E8C-42DB-A91F-E7F3FBFC5A5D}"
EndProject
Project("{FAE04EC0-301F-11D3-BF4B-00C04F79EFBC}") = "EJ2", "EJ2\EJ2.csproj", "{601C0564-E408-4304-ABE8-B11259599779}"
EndProject
Project("{FAE04EC0-301F-11D3-BF4B-00C04F79EFBC}") = "TestingEJ2", "TestingUnitario\TestingEJ2.csproj", "{22771B55-04DE-4438-B052-6EA8299B899F}"
EndProject
Project("{FAE04EC0-301F-11D3-BF4B-00C04F79EFBC}") = "TestingEJ5", "TestingEJ5\TestingEJ5.csproj", "{BC725783-70AB-47EE-B9A6-DCCF1DDA6722}"
EndProject
Project("{FAE04EC0-301F-11D3-BF4B-00C04F79EFBC}") = "EJ5", "EJ5\EJ5.csproj", "{1023CB84-B189-454B-95EE-B9743B3FE9A5}"
EndProject
Project("{FAE04EC0-301F-11D3-BF4B-00C04F79EFBC}") = "EJ4", "EJ4\EJ4.csproj", "{0A1214D8-40EC-479C-98EB-170EDABEEDBA}"
EndProject
Project("{FAE04EC0-301F-11D3-BF4B-00C04F79EFBC}") = "EJ3", "EJ3\EJ3.csproj", "{B925EA31-1C93-4028-8122-97E9665A267B}"
EndProject
Project("{FAE04EC0-301F-11D3-BF4B-00C04F79EFBC}") = "EJ7", "EJ7\EJ7.csproj", "{8031A7CF-7B96-48C6-9335-D2D65C1D93C7}"
EndProject
Global
	GlobalSection(SolutionConfigurationPlatforms) = preSolution
		Debug|Any CPU = Debug|Any CPU
		Release|Any CPU = Release|Any CPU
	EndGlobalSection
	GlobalSection(ProjectConfigurationPlatforms) = postSolution
		{DFD25F92-1E8C-42DB-A91F-E7F3FBFC5A5D}.Debug|Any CPU.ActiveCfg = Debug|Any CPU
		{DFD25F92-1E8C-42DB-A91F-E7F3FBFC5A5D}.Debug|Any CPU.Build.0 = Debug|Any CPU
		{DFD25F92-1E8C-42DB-A91F-E7F3FBFC5A5D}.Release|Any CPU.ActiveCfg = Release|Any CPU
		{DFD25F92-1E8C-42DB-A91F-E7F3FBFC5A5D}.Release|Any CPU.Build.0 = Release|Any CPU
		{601C0564-E408-4304-ABE8-B11259599779}.Debug|Any CPU.ActiveCfg = Debug|Any CPU
		{601C0564-E408-4304-ABE8-B11259599779}.Debug|Any CPU.Build.0 = Debug|Any CPU
		{601C0564-E408-4304-ABE8-B11259599779}.Release|Any CPU.ActiveCfg = Release|Any CPU
		{601C0564-E408-4304-ABE8-B11259599779}.Release|Any CPU.Build.0 = Release|Any CPU
		{22771B55-04DE-4438-B052-6EA8299B899F}.Debug|Any CPU.ActiveCfg = Debug|Any CPU
		{22771B55-04DE-4438-B052-6EA8299B899F}.Debug|Any CPU.Build.0 = Debug|Any CPU
		{22771B55-04DE-4438-B052-6EA8299B899F}.Release|Any CPU.ActiveCfg = Release|Any CPU
		{22771B55-04DE-4438-B052-6EA8299B899F}.Release|Any CPU.Build.0 = Release|Any CPU
		{BC725783-70AB-47EE-B9A6-DCCF1DDA6722}.Debug|Any CPU.ActiveCfg = Debug|Any CPU
		{BC725783-70AB-47EE-B9A6-DCCF1DDA6722}.Debug|Any CPU.Build.0 = Debug|Any CPU
		{BC725783-70AB-47EE-B9A6-DCCF1DDA6722}.Release|Any CPU.ActiveCfg = Release|Any CPU
		{BC725783-70AB-47EE-B9A6-DCCF1DDA6722}.Release|Any CPU.Build.0 = Release|Any CPU
		{1023CB84-B189-454B-95EE-B9743B3FE9A5}.Debug|Any CPU.ActiveCfg = Debug|Any CPU
		{1023CB84-B189-454B-95EE-B9743B3FE9A5}.Debug|Any CPU.Build.0 = Debug|Any CPU
		{1023CB84-B189-454B-95EE-B9743B3FE9A5}.Release|Any CPU.ActiveCfg = Release|Any CPU
		{1023CB84-B189-454B-95EE-B9743B3FE9A5}.Release|Any CPU.Build.0 = Release|Any CPU
		{0A1214D8-40EC-479C-98EB-170EDABEEDBA}.Debug|Any CPU.ActiveCfg = Debug|Any CPU
		{0A1214D8-40EC-479C-98EB-170EDABEEDBA}.Debug|Any CPU.Build.0 = Debug|Any CPU
		{0A1214D8-40EC-479C-98EB-170EDABEEDBA}.Release|Any CPU.ActiveCfg = Release|Any CPU
		{0A1214D8-40EC-479C-98EB-170EDABEEDBA}.Release|Any CPU.Build.0 = Release|Any CPU
		{B925EA31-1C93-4028-8122-97E9665A267B}.Debug|Any CPU.ActiveCfg = Debug|Any CPU
		{B925EA31-1C93-4028-8122-97E9665A267B}.Debug|Any CPU.Build.0 = Debug|Any CPU
		{B925EA31-1C93-4028-8122-97E9665A267B}.Release|Any CPU.ActiveCfg = Release|Any CPU
		{B925EA31-1C93-4028-8122-97E9665A267B}.Release|Any CPU.Build.0 = Release|Any CPU
		{8031A7CF-7B96-48C6-9335-D2D65C1D93C7}.Debug|Any CPU.ActiveCfg = Debug|Any CPU
		{8031A7CF-7B96-48C6-9335-D2D65C1D93C7}.Debug|Any CPU.Build.0 = Debug|Any CPU
		{8031A7CF-7B96-48C6-9335-D2D65C1D93C7}.Release|Any CPU.ActiveCfg = Release|Any CPU
		{8031A7CF-7B96-48C6-9335-D2D65C1D93C7}.Release|Any CPU.Build.0 = Release|Any CPU
	EndGlobalSection
	GlobalSection(SolutionProperties) = preSolution
		HideSolutionNode = FALSE
	EndGlobalSection
EndGlobal
